
Microsoft Visual Studio Solution File, Format Version 12.00
# Visual Studio 15
VisualStudioVersion = 15.0.28307.779
MinimumVisualStudioVersion = 10.0.40219.1
Project("{FAE04EC0-301F-11D3-BF4B-00C04F79EFBC}") = "IconCreator", "IconCreator.csproj", "{8184AFCC-262C-41E4-95F5-79B89D8CBCDE}"
EndProject
Global
	GlobalSection(SolutionConfigurationPlatforms) = preSolution
		Debug|Any CPU = Debug|Any CPU
		Release|Any CPU = Release|Any CPU
	EndGlobalSection
	GlobalSection(ProjectConfigurationPlatforms) = postSolution
		{8184AFCC-262C-41E4-95F5-79B89D8CBCDE}.Debug|Any CPU.ActiveCfg = Debug|Any CPU
		{8184AFCC-262C-41E4-95F5-79B89D8CBCDE}.Debug|Any CPU.Build.0 = Debug|Any CPU
		{8184AFCC-262C-41E4-95F5-79B89D8CBCDE}.Release|Any CPU.ActiveCfg = Release|Any CPU
		{8184AFCC-262C-41E4-95F5-79B89D8CBCDE}.Release|Any CPU.Build.0 = Release|Any CPU
	EndGlobalSection
	GlobalSection(SolutionProperties) = preSolution
		HideSolutionNode = FALSE
	EndGlobalSection
	GlobalSection(ExtensibilityGlobals) = postSolution
		SolutionGuid = {3C9B32F4-66AD-4C2E-B6B9-2443107B4B90}
	EndGlobalSection
EndGlobal
