
Microsoft Visual Studio Solution File, Format Version 12.00
# Visual Studio Version 16
VisualStudioVersion = 16.0.31402.337
MinimumVisualStudioVersion = 10.0.40219.1
Project("{FAE04EC0-301F-11D3-BF4B-00C04F79EFBC}") = "IconCreater2", "IconCreater2.csproj", "{4F236037-2371-4148-B3C2-7CCD89FB3035}"
EndProject
Global
	GlobalSection(SolutionConfigurationPlatforms) = preSolution
		Debug|Any CPU = Debug|Any CPU
		Release|Any CPU = Release|Any CPU
	EndGlobalSection
	GlobalSection(ProjectConfigurationPlatforms) = postSolution
		{4F236037-2371-4148-B3C2-7CCD89FB3035}.Debug|Any CPU.ActiveCfg = Debug|Any CPU
		{4F236037-2371-4148-B3C2-7CCD89FB3035}.Debug|Any CPU.Build.0 = Debug|Any CPU
		{4F236037-2371-4148-B3C2-7CCD89FB3035}.Release|Any CPU.ActiveCfg = Release|Any CPU
		{4F236037-2371-4148-B3C2-7CCD89FB3035}.Release|Any CPU.Build.0 = Release|Any CPU
	EndGlobalSection
	GlobalSection(SolutionProperties) = preSolution
		HideSolutionNode = FALSE
	EndGlobalSection
	GlobalSection(ExtensibilityGlobals) = postSolution
		SolutionGuid = {47D5E38D-2FF2-4685-8CA0-EC8B2139BA8D}
	EndGlobalSection
EndGlobal
